// !$*UTF8*$!
{
	archiveVersion = 1;
	classes = {
	};
	objectVersion = 55;
	objects = {

/* Begin PBXBuildFile section */
		6EE27CC22866073B00FDB697 /* main.swift in Sources */ = {isa = PBXBuildFile; fileRef = 6EE27CB72865A21F00FDB697 /* main.swift */; };
		6EFE393028833F230046BBA6 /* Lv.2 오픈채팅방.swift in Sources */ = {isa = PBXBuildFile; fileRef = 6EFE392F28833F230046BBA6 /* Lv.2 오픈채팅방.swift */; };
		6EFE393228833F6A0046BBA6 /* Lv.1 숫자 문자열과 영단어.swift in Sources */ = {isa = PBXBuildFile; fileRef = 6EFE393128833F6A0046BBA6 /* Lv.1 숫자 문자열과 영단어.swift */; };
		6EFE3936288340660046BBA6 /* Lv.1 크레인 인형뽑기 게임.swift in Sources */ = {isa = PBXBuildFile; fileRef = 6EFE3935288340660046BBA6 /* Lv.1 크레인 인형뽑기 게임.swift */; };
		6EFE3938288340700046BBA6 /* Lv.1 K번째수.swift in Sources */ = {isa = PBXBuildFile; fileRef = 6EFE3937288340700046BBA6 /* Lv.1 K번째수.swift */; };
		6EFE393A288340740046BBA6 /* Lv.1 모의고사.swift in Sources */ = {isa = PBXBuildFile; fileRef = 6EFE3939288340740046BBA6 /* Lv.1 모의고사.swift */; };
		6EFE393C288340790046BBA6 /* Lv.1 체육복.swift in Sources */ = {isa = PBXBuildFile; fileRef = 6EFE393B288340790046BBA6 /* Lv.1 체육복.swift */; };
		6EFE393E2883407C0046BBA6 /* Lv.2 타겟 넘버.swift in Sources */ = {isa = PBXBuildFile; fileRef = 6EFE393D2883407C0046BBA6 /* Lv.2 타겟 넘버.swift */; };
		6EFE39402883407E0046BBA6 /* Lv.2 튜플.swift in Sources */ = {isa = PBXBuildFile; fileRef = 6EFE393F2883407E0046BBA6 /* Lv.2 튜플.swift */; };
		6EFE3942288340810046BBA6 /* Lv.1 2016년.swift in Sources */ = {isa = PBXBuildFile; fileRef = 6EFE3941288340810046BBA6 /* Lv.1 2016년.swift */; };
		6EFE3944288340840046BBA6 /* Lv.2 [1차] 캐시.swift in Sources */ = {isa = PBXBuildFile; fileRef = 6EFE3943288340840046BBA6 /* Lv.2 [1차] 캐시.swift */; };
		6EFE3948288341890046BBA6 /* Lv.1 가운데 글자 가져오기.swift in Sources */ = {isa = PBXBuildFile; fileRef = 6EFE3947288341890046BBA6 /* Lv.1 가운데 글자 가져오기.swift */; };
		6EFE394A288341940046BBA6 /* Lv.1 [1차] 다트 게임.swift in Sources */ = {isa = PBXBuildFile; fileRef = 6EFE3949288341940046BBA6 /* Lv.1 [1차] 다트 게임.swift */; };
		6EFE394C288341960046BBA6 /* Lv.1 문자열 내 마음대로 정렬하기.swift in Sources */ = {isa = PBXBuildFile; fileRef = 6EFE394B288341960046BBA6 /* Lv.1 문자열 내 마음대로 정렬하기.swift */; };
		6EFE394E288341980046BBA6 /* Lv.1 서울에서 김서방 찾기.swift in Sources */ = {isa = PBXBuildFile; fileRef = 6EFE394D288341980046BBA6 /* Lv.1 서울에서 김서방 찾기.swift */; };
		6EFE3951288341A10046BBA6 /* Lv.1 평균 구하기.swift in Sources */ = {isa = PBXBuildFile; fileRef = 6EFE3950288341A10046BBA6 /* Lv.1 평균 구하기.swift */; };
/* End PBXBuildFile section */

/* Begin PBXCopyFilesBuildPhase section */
		6EE27CB22865A21F00FDB697 /* CopyFiles */ = {
			isa = PBXCopyFilesBuildPhase;
			buildActionMask = 2147483647;
			dstPath = /usr/share/man/man1/;
			dstSubfolderSpec = 0;
			files = (
			);
			runOnlyForDeploymentPostprocessing = 1;
		};
/* End PBXCopyFilesBuildPhase section */

/* Begin PBXFileReference section */
		6EE27CB42865A21F00FDB697 /* Algorithm */ = {isa = PBXFileReference; explicitFileType = "compiled.mach-o.executable"; includeInIndex = 0; path = Algorithm; sourceTree = BUILT_PRODUCTS_DIR; };
		6EE27CB72865A21F00FDB697 /* main.swift */ = {isa = PBXFileReference; lastKnownFileType = sourcecode.swift; path = main.swift; sourceTree = "<group>"; };
		6EE27CBF2865AAD000FDB697 /* 2745 진법 변환.swift */ = {isa = PBXFileReference; fileEncoding = 4; lastKnownFileType = sourcecode.swift; path = "2745 진법 변환.swift"; sourceTree = "<group>"; };
		6EE27CC4286627D100FDB697 /* Lv.1 신규 아이디 추천.swift */ = {isa = PBXFileReference; lastKnownFileType = sourcecode.swift; path = "Lv.1 신규 아이디 추천.swift"; sourceTree = "<group>"; };
		6EE27CC5286647E000FDB697 /* Lv.1 키패드 누르기.swift */ = {isa = PBXFileReference; fileEncoding = 4; lastKnownFileType = sourcecode.swift; path = "Lv.1 키패드 누르기.swift"; sourceTree = "<group>"; };
		6EE27CC7286853B400FDB697 /* Lv.1 로또 최고 순위와 최저 순위.swift */ = {isa = PBXFileReference; lastKnownFileType = sourcecode.swift; path = "Lv.1 로또 최고 순위와 최저 순위.swift"; sourceTree = "<group>"; };
		6EE27CC8286870AE00FDB697 /* Lv.1 실패율.swift */ = {isa = PBXFileReference; lastKnownFileType = sourcecode.swift; path = "Lv.1 실패율.swift"; sourceTree = "<group>"; };
		6EE27CC92868B22A00FDB697 /* Lv.1 [1차] 비밀지도.swift */ = {isa = PBXFileReference; lastKnownFileType = sourcecode.swift; path = "Lv.1 [1차] 비밀지도.swift"; sourceTree = "<group>"; };
		6EE27CCA2868B83100FDB697 /* 예시 - 깊이 우선 탐색.swift */ = {isa = PBXFileReference; lastKnownFileType = sourcecode.swift; path = "예시 - 깊이 우선 탐색.swift"; sourceTree = "<group>"; };
		6EE27CCB2868BB7A00FDB697 /* 예시 - 너비 우선 탐색.swift */ = {isa = PBXFileReference; lastKnownFileType = sourcecode.swift; path = "예시 - 너비 우선 탐색.swift"; sourceTree = "<group>"; };
		6EFE392D28833DCC0046BBA6 /* Lv.1 신고 결과 받기.swift */ = {isa = PBXFileReference; fileEncoding = 4; lastKnownFileType = sourcecode.swift; path = "Lv.1 신고 결과 받기.swift"; sourceTree = "<group>"; };
		6EFE392F28833F230046BBA6 /* Lv.2 오픈채팅방.swift */ = {isa = PBXFileReference; fileEncoding = 4; lastKnownFileType = sourcecode.swift; path = "Lv.2 오픈채팅방.swift"; sourceTree = "<group>"; };
		6EFE393128833F6A0046BBA6 /* Lv.1 숫자 문자열과 영단어.swift */ = {isa = PBXFileReference; fileEncoding = 4; lastKnownFileType = sourcecode.swift; path = "Lv.1 숫자 문자열과 영단어.swift"; sourceTree = "<group>"; };
		6EFE3935288340660046BBA6 /* Lv.1 크레인 인형뽑기 게임.swift */ = {isa = PBXFileReference; lastKnownFileType = sourcecode.swift; path = "Lv.1 크레인 인형뽑기 게임.swift"; sourceTree = "<group>"; };
		6EFE3937288340700046BBA6 /* Lv.1 K번째수.swift */ = {isa = PBXFileReference; fileEncoding = 4; lastKnownFileType = sourcecode.swift; path = "Lv.1 K번째수.swift"; sourceTree = "<group>"; };
		6EFE3939288340740046BBA6 /* Lv.1 모의고사.swift */ = {isa = PBXFileReference; fileEncoding = 4; lastKnownFileType = sourcecode.swift; path = "Lv.1 모의고사.swift"; sourceTree = "<group>"; };
		6EFE393B288340790046BBA6 /* Lv.1 체육복.swift */ = {isa = PBXFileReference; fileEncoding = 4; lastKnownFileType = sourcecode.swift; path = "Lv.1 체육복.swift"; sourceTree = "<group>"; };
		6EFE393D2883407C0046BBA6 /* Lv.2 타겟 넘버.swift */ = {isa = PBXFileReference; fileEncoding = 4; lastKnownFileType = sourcecode.swift; path = "Lv.2 타겟 넘버.swift"; sourceTree = "<group>"; };
		6EFE393F2883407E0046BBA6 /* Lv.2 튜플.swift */ = {isa = PBXFileReference; fileEncoding = 4; lastKnownFileType = sourcecode.swift; path = "Lv.2 튜플.swift"; sourceTree = "<group>"; };
		6EFE3941288340810046BBA6 /* Lv.1 2016년.swift */ = {isa = PBXFileReference; fileEncoding = 4; lastKnownFileType = sourcecode.swift; path = "Lv.1 2016년.swift"; sourceTree = "<group>"; };
		6EFE3943288340840046BBA6 /* Lv.2 [1차] 캐시.swift */ = {isa = PBXFileReference; fileEncoding = 4; lastKnownFileType = sourcecode.swift; path = "Lv.2 [1차] 캐시.swift"; sourceTree = "<group>"; };
		6EFE3947288341890046BBA6 /* Lv.1 가운데 글자 가져오기.swift */ = {isa = PBXFileReference; fileEncoding = 4; lastKnownFileType = sourcecode.swift; path = "Lv.1 가운데 글자 가져오기.swift"; sourceTree = "<group>"; };
		6EFE3949288341940046BBA6 /* Lv.1 [1차] 다트 게임.swift */ = {isa = PBXFileReference; fileEncoding = 4; lastKnownFileType = sourcecode.swift; path = "Lv.1 [1차] 다트 게임.swift"; sourceTree = "<group>"; };
		6EFE394B288341960046BBA6 /* Lv.1 문자열 내 마음대로 정렬하기.swift */ = {isa = PBXFileReference; fileEncoding = 4; lastKnownFileType = sourcecode.swift; path = "Lv.1 문자열 내 마음대로 정렬하기.swift"; sourceTree = "<group>"; };
		6EFE394D288341980046BBA6 /* Lv.1 서울에서 김서방 찾기.swift */ = {isa = PBXFileReference; fileEncoding = 4; lastKnownFileType = sourcecode.swift; path = "Lv.1 서울에서 김서방 찾기.swift"; sourceTree = "<group>"; };
		6EFE394F2883419D0046BBA6 /* Lv.1 이상한 문자 만들기.swift */ = {isa = PBXFileReference; lastKnownFileType = sourcecode.swift; path = "Lv.1 이상한 문자 만들기.swift"; sourceTree = "<group>"; };
		6EFE3950288341A10046BBA6 /* Lv.1 평균 구하기.swift */ = {isa = PBXFileReference; fileEncoding = 4; lastKnownFileType = sourcecode.swift; path = "Lv.1 평균 구하기.swift"; sourceTree = "<group>"; };
/* End PBXFileReference section */

/* Begin PBXFrameworksBuildPhase section */
		6EE27CB12865A21F00FDB697 /* Frameworks */ = {
			isa = PBXFrameworksBuildPhase;
			buildActionMask = 2147483647;
			files = (
			);
			runOnlyForDeploymentPostprocessing = 0;
		};
/* End PBXFrameworksBuildPhase section */

/* Begin PBXGroup section */
		6EE27CAB2865A21E00FDB697 = {
			isa = PBXGroup;
			children = (
				6EE27CB62865A21F00FDB697 /* Algorithm */,
				6EE27CB52865A21F00FDB697 /* Products */,
			);
			sourceTree = "<group>";
		};
		6EE27CB52865A21F00FDB697 /* Products */ = {
			isa = PBXGroup;
			children = (
				6EE27CB42865A21F00FDB697 /* Algorithm */,
			);
			name = Products;
			sourceTree = "<group>";
		};
		6EE27CB62865A21F00FDB697 /* Algorithm */ = {
			isa = PBXGroup;
			children = (
				6EFE392C28833D7A0046BBA6 /* ETC */,
				6EFE392B28833CF30046BBA6 /* BOJ */,
				6EE27CC32866276500FDB697 /* Programmers */,
			);
			path = Algorithm;
			sourceTree = "<group>";
		};
		6EE27CC32866276500FDB697 /* Programmers */ = {
			isa = PBXGroup;
			children = (
				6EE27CB72865A21F00FDB697 /* main.swift */,
				6EFE392D28833DCC0046BBA6 /* Lv.1 신고 결과 받기.swift */,
				6EE27CC7286853B400FDB697 /* Lv.1 로또 최고 순위와 최저 순위.swift */,
				6EE27CC4286627D100FDB697 /* Lv.1 신규 아이디 추천.swift */,
				6EFE392F28833F230046BBA6 /* Lv.2 오픈채팅방.swift */,
				6EFE393128833F6A0046BBA6 /* Lv.1 숫자 문자열과 영단어.swift */,
				6EE27CC5286647E000FDB697 /* Lv.1 키패드 누르기.swift */,
				6EFE3935288340660046BBA6 /* Lv.1 크레인 인형뽑기 게임.swift */,
				6EFE3937288340700046BBA6 /* Lv.1 K번째수.swift */,
				6EFE3939288340740046BBA6 /* Lv.1 모의고사.swift */,
				6EFE393B288340790046BBA6 /* Lv.1 체육복.swift */,
				6EFE393D2883407C0046BBA6 /* Lv.2 타겟 넘버.swift */,
				6EE27CC8286870AE00FDB697 /* Lv.1 실패율.swift */,
				6EFE393F2883407E0046BBA6 /* Lv.2 튜플.swift */,
				6EFE3941288340810046BBA6 /* Lv.1 2016년.swift */,
				6EFE3943288340840046BBA6 /* Lv.2 [1차] 캐시.swift */,
				6EE27CC92868B22A00FDB697 /* Lv.1 [1차] 비밀지도.swift */,
				6EFE3947288341890046BBA6 /* Lv.1 가운데 글자 가져오기.swift */,
				6EFE3949288341940046BBA6 /* Lv.1 [1차] 다트 게임.swift */,
				6EFE394B288341960046BBA6 /* Lv.1 문자열 내 마음대로 정렬하기.swift */,
				6EFE394D288341980046BBA6 /* Lv.1 서울에서 김서방 찾기.swift */,
				6EFE394F2883419D0046BBA6 /* Lv.1 이상한 문자 만들기.swift */,
				6EFE3950288341A10046BBA6 /* Lv.1 평균 구하기.swift */,
			);
			path = Programmers;
			sourceTree = "<group>";
		};
		6EFE392B28833CF30046BBA6 /* BOJ */ = {
			isa = PBXGroup;
			children = (
				6EE27CBF2865AAD000FDB697 /* 2745 진법 변환.swift */,
			);
			path = BOJ;
			sourceTree = "<group>";
		};
		6EFE392C28833D7A0046BBA6 /* ETC */ = {
			isa = PBXGroup;
			children = (
				6EE27CCB2868BB7A00FDB697 /* 예시 - 너비 우선 탐색.swift */,
				6EE27CCA2868B83100FDB697 /* 예시 - 깊이 우선 탐색.swift */,
			);
			path = ETC;
			sourceTree = "<group>";
		};
/* End PBXGroup section */

/* Begin PBXNativeTarget section */
		6EE27CB32865A21F00FDB697 /* Algorithm */ = {
			isa = PBXNativeTarget;
			buildConfigurationList = 6EE27CBB2865A21F00FDB697 /* Build configuration list for PBXNativeTarget "Algorithm" */;
			buildPhases = (
				6EE27CB02865A21F00FDB697 /* Sources */,
				6EE27CB12865A21F00FDB697 /* Frameworks */,
				6EE27CB22865A21F00FDB697 /* CopyFiles */,
			);
			buildRules = (
			);
			dependencies = (
			);
			name = Algorithm;
			productName = "Codingtest&Algorithm";
			productReference = 6EE27CB42865A21F00FDB697 /* Algorithm */;
			productType = "com.apple.product-type.tool";
		};
/* End PBXNativeTarget section */

/* Begin PBXProject section */
		6EE27CAC2865A21E00FDB697 /* Project object */ = {
			isa = PBXProject;
			attributes = {
				BuildIndependentTargetsInParallel = 1;
				LastSwiftUpdateCheck = 1340;
				LastUpgradeCheck = 1340;
				TargetAttributes = {
					6EE27CB32865A21F00FDB697 = {
						CreatedOnToolsVersion = 13.4.1;
					};
				};
			};
			buildConfigurationList = 6EE27CAF2865A21E00FDB697 /* Build configuration list for PBXProject "Algorithm" */;
			compatibilityVersion = "Xcode 13.0";
			developmentRegion = en;
			hasScannedForEncodings = 0;
			knownRegions = (
				en,
				Base,
			);
			mainGroup = 6EE27CAB2865A21E00FDB697;
			productRefGroup = 6EE27CB52865A21F00FDB697 /* Products */;
			projectDirPath = "";
			projectRoot = "";
			targets = (
				6EE27CB32865A21F00FDB697 /* Algorithm */,
			);
		};
/* End PBXProject section */

/* Begin PBXSourcesBuildPhase section */
		6EE27CB02865A21F00FDB697 /* Sources */ = {
			isa = PBXSourcesBuildPhase;
			buildActionMask = 2147483647;
			files = (
				6EFE3951288341A10046BBA6 /* Lv.1 평균 구하기.swift in Sources */,
				6EFE393028833F230046BBA6 /* Lv.2 오픈채팅방.swift in Sources */,
				6EFE3948288341890046BBA6 /* Lv.1 가운데 글자 가져오기.swift in Sources */,
				6EFE3942288340810046BBA6 /* Lv.1 2016년.swift in Sources */,
				6EFE393A288340740046BBA6 /* Lv.1 모의고사.swift in Sources */,
				6EFE394E288341980046BBA6 /* Lv.1 서울에서 김서방 찾기.swift in Sources */,
				6EFE394C288341960046BBA6 /* Lv.1 문자열 내 마음대로 정렬하기.swift in Sources */,
				6EFE3936288340660046BBA6 /* Lv.1 크레인 인형뽑기 게임.swift in Sources */,
				6EFE394A288341940046BBA6 /* Lv.1 [1차] 다트 게임.swift in Sources */,
				6EFE3938288340700046BBA6 /* Lv.1 K번째수.swift in Sources */,
				6EFE39402883407E0046BBA6 /* Lv.2 튜플.swift in Sources */,
				6EE27CC22866073B00FDB697 /* main.swift in Sources */,
				6EFE393228833F6A0046BBA6 /* Lv.1 숫자 문자열과 영단어.swift in Sources */,
				6EFE393E2883407C0046BBA6 /* Lv.2 타겟 넘버.swift in Sources */,
				6EFE393C288340790046BBA6 /* Lv.1 체육복.swift in Sources */,
				6EFE3944288340840046BBA6 /* Lv.2 [1차] 캐시.swift in Sources */,
			);
			runOnlyForDeploymentPostprocessing = 0;
		};
/* End PBXSourcesBuildPhase section */

/* Begin XCBuildConfiguration section */
		6EE27CB92865A21F00FDB697 /* Debug */ = {
			isa = XCBuildConfiguration;
			buildSettings = {
				ALWAYS_SEARCH_USER_PATHS = NO;
				CLANG_ANALYZER_NONNULL = YES;
				CLANG_ANALYZER_NUMBER_OBJECT_CONVERSION = YES_AGGRESSIVE;
				CLANG_CXX_LANGUAGE_STANDARD = "gnu++17";
				CLANG_ENABLE_MODULES = YES;
				CLANG_ENABLE_OBJC_ARC = YES;
				CLANG_ENABLE_OBJC_WEAK = YES;
				CLANG_WARN_BLOCK_CAPTURE_AUTORELEASING = YES;
				CLANG_WARN_BOOL_CONVERSION = YES;
				CLANG_WARN_COMMA = YES;
				CLANG_WARN_CONSTANT_CONVERSION = YES;
				CLANG_WARN_DEPRECATED_OBJC_IMPLEMENTATIONS = YES;
				CLANG_WARN_DIRECT_OBJC_ISA_USAGE = YES_ERROR;
				CLANG_WARN_DOCUMENTATION_COMMENTS = YES;
				CLANG_WARN_EMPTY_BODY = YES;
				CLANG_WARN_ENUM_CONVERSION = YES;
				CLANG_WARN_INFINITE_RECURSION = YES;
				CLANG_WARN_INT_CONVERSION = YES;
				CLANG_WARN_NON_LITERAL_NULL_CONVERSION = YES;
				CLANG_WARN_OBJC_IMPLICIT_RETAIN_SELF = YES;
				CLANG_WARN_OBJC_LITERAL_CONVERSION = YES;
				CLANG_WARN_OBJC_ROOT_CLASS = YES_ERROR;
				CLANG_WARN_QUOTED_INCLUDE_IN_FRAMEWORK_HEADER = YES;
				CLANG_WARN_RANGE_LOOP_ANALYSIS = YES;
				CLANG_WARN_STRICT_PROTOTYPES = YES;
				CLANG_WARN_SUSPICIOUS_MOVE = YES;
				CLANG_WARN_UNGUARDED_AVAILABILITY = YES_AGGRESSIVE;
				CLANG_WARN_UNREACHABLE_CODE = YES;
				CLANG_WARN__DUPLICATE_METHOD_MATCH = YES;
				COPY_PHASE_STRIP = NO;
				DEBUG_INFORMATION_FORMAT = dwarf;
				ENABLE_STRICT_OBJC_MSGSEND = YES;
				ENABLE_TESTABILITY = YES;
				GCC_C_LANGUAGE_STANDARD = gnu11;
				GCC_DYNAMIC_NO_PIC = NO;
				GCC_NO_COMMON_BLOCKS = YES;
				GCC_OPTIMIZATION_LEVEL = 0;
				GCC_PREPROCESSOR_DEFINITIONS = (
					"DEBUG=1",
					"$(inherited)",
				);
				GCC_WARN_64_TO_32_BIT_CONVERSION = YES;
				GCC_WARN_ABOUT_RETURN_TYPE = YES_ERROR;
				GCC_WARN_UNDECLARED_SELECTOR = YES;
				GCC_WARN_UNINITIALIZED_AUTOS = YES_AGGRESSIVE;
				GCC_WARN_UNUSED_FUNCTION = YES;
				GCC_WARN_UNUSED_VARIABLE = YES;
				MACOSX_DEPLOYMENT_TARGET = 12.3;
				MTL_ENABLE_DEBUG_INFO = INCLUDE_SOURCE;
				MTL_FAST_MATH = YES;
				ONLY_ACTIVE_ARCH = YES;
				SDKROOT = macosx;
				SWIFT_ACTIVE_COMPILATION_CONDITIONS = DEBUG;
				SWIFT_OPTIMIZATION_LEVEL = "-Onone";
			};
			name = Debug;
		};
		6EE27CBA2865A21F00FDB697 /* Release */ = {
			isa = XCBuildConfiguration;
			buildSettings = {
				ALWAYS_SEARCH_USER_PATHS = NO;
				CLANG_ANALYZER_NONNULL = YES;
				CLANG_ANALYZER_NUMBER_OBJECT_CONVERSION = YES_AGGRESSIVE;
				CLANG_CXX_LANGUAGE_STANDARD = "gnu++17";
				CLANG_ENABLE_MODULES = YES;
				CLANG_ENABLE_OBJC_ARC = YES;
				CLANG_ENABLE_OBJC_WEAK = YES;
				CLANG_WARN_BLOCK_CAPTURE_AUTORELEASING = YES;
				CLANG_WARN_BOOL_CONVERSION = YES;
				CLANG_WARN_COMMA = YES;
				CLANG_WARN_CONSTANT_CONVERSION = YES;
				CLANG_WARN_DEPRECATED_OBJC_IMPLEMENTATIONS = YES;
				CLANG_WARN_DIRECT_OBJC_ISA_USAGE = YES_ERROR;
				CLANG_WARN_DOCUMENTATION_COMMENTS = YES;
				CLANG_WARN_EMPTY_BODY = YES;
				CLANG_WARN_ENUM_CONVERSION = YES;
				CLANG_WARN_INFINITE_RECURSION = YES;
				CLANG_WARN_INT_CONVERSION = YES;
				CLANG_WARN_NON_LITERAL_NULL_CONVERSION = YES;
				CLANG_WARN_OBJC_IMPLICIT_RETAIN_SELF = YES;
				CLANG_WARN_OBJC_LITERAL_CONVERSION = YES;
				CLANG_WARN_OBJC_ROOT_CLASS = YES_ERROR;
				CLANG_WARN_QUOTED_INCLUDE_IN_FRAMEWORK_HEADER = YES;
				CLANG_WARN_RANGE_LOOP_ANALYSIS = YES;
				CLANG_WARN_STRICT_PROTOTYPES = YES;
				CLANG_WARN_SUSPICIOUS_MOVE = YES;
				CLANG_WARN_UNGUARDED_AVAILABILITY = YES_AGGRESSIVE;
				CLANG_WARN_UNREACHABLE_CODE = YES;
				CLANG_WARN__DUPLICATE_METHOD_MATCH = YES;
				COPY_PHASE_STRIP = NO;
				DEBUG_INFORMATION_FORMAT = "dwarf-with-dsym";
				ENABLE_NS_ASSERTIONS = NO;
				ENABLE_STRICT_OBJC_MSGSEND = YES;
				GCC_C_LANGUAGE_STANDARD = gnu11;
				GCC_NO_COMMON_BLOCKS = YES;
				GCC_WARN_64_TO_32_BIT_CONVERSION = YES;
				GCC_WARN_ABOUT_RETURN_TYPE = YES_ERROR;
				GCC_WARN_UNDECLARED_SELECTOR = YES;
				GCC_WARN_UNINITIALIZED_AUTOS = YES_AGGRESSIVE;
				GCC_WARN_UNUSED_FUNCTION = YES;
				GCC_WARN_UNUSED_VARIABLE = YES;
				MACOSX_DEPLOYMENT_TARGET = 12.3;
				MTL_ENABLE_DEBUG_INFO = NO;
				MTL_FAST_MATH = YES;
				SDKROOT = macosx;
				SWIFT_COMPILATION_MODE = wholemodule;
				SWIFT_OPTIMIZATION_LEVEL = "-O";
			};
			name = Release;
		};
		6EE27CBC2865A21F00FDB697 /* Debug */ = {
			isa = XCBuildConfiguration;
			buildSettings = {
				CODE_SIGN_STYLE = Automatic;
				PRODUCT_NAME = "$(TARGET_NAME)";
				SWIFT_VERSION = 5.0;
			};
			name = Debug;
		};
		6EE27CBD2865A21F00FDB697 /* Release */ = {
			isa = XCBuildConfiguration;
			buildSettings = {
				CODE_SIGN_STYLE = Automatic;
				PRODUCT_NAME = "$(TARGET_NAME)";
				SWIFT_VERSION = 5.0;
			};
			name = Release;
		};
/* End XCBuildConfiguration section */

/* Begin XCConfigurationList section */
		6EE27CAF2865A21E00FDB697 /* Build configuration list for PBXProject "Algorithm" */ = {
			isa = XCConfigurationList;
			buildConfigurations = (
				6EE27CB92865A21F00FDB697 /* Debug */,
				6EE27CBA2865A21F00FDB697 /* Release */,
			);
			defaultConfigurationIsVisible = 0;
			defaultConfigurationName = Release;
		};
		6EE27CBB2865A21F00FDB697 /* Build configuration list for PBXNativeTarget "Algorithm" */ = {
			isa = XCConfigurationList;
			buildConfigurations = (
				6EE27CBC2865A21F00FDB697 /* Debug */,
				6EE27CBD2865A21F00FDB697 /* Release */,
			);
			defaultConfigurationIsVisible = 0;
			defaultConfigurationName = Release;
		};
/* End XCConfigurationList section */
	};
	rootObject = 6EE27CAC2865A21E00FDB697 /* Project object */;
}
